
Microsoft Visual Studio Solution File, Format Version 12.00
# Visual Studio 14
VisualStudioVersion = 14.0.25420.1
MinimumVisualStudioVersion = 10.0.40219.1
Project("{FAE04EC0-301F-11D3-BF4B-00C04F79EFBC}") = "PapillonDesignsFinal", "PapillonDesignsFinal\PapillonDesignsFinal.csproj", "{780C0D08-DC17-48E1-9C8C-28665008EB97}"
EndProject
Project("{FAE04EC0-301F-11D3-BF4B-00C04F79EFBC}") = "PapillonDesignsFinal.Tests", "PapillonDesignsFinal.Tests\PapillonDesignsFinal.Tests.csproj", "{96885C3E-FB73-49E4-8BE7-E731C2BE3D4B}"
EndProject
Global
	GlobalSection(SolutionConfigurationPlatforms) = preSolution
		Debug|Any CPU = Debug|Any CPU
		Release|Any CPU = Release|Any CPU
	EndGlobalSection
	GlobalSection(ProjectConfigurationPlatforms) = postSolution
		{780C0D08-DC17-48E1-9C8C-28665008EB97}.Debug|Any CPU.ActiveCfg = Debug|Any CPU
		{780C0D08-DC17-48E1-9C8C-28665008EB97}.Debug|Any CPU.Build.0 = Debug|Any CPU
		{780C0D08-DC17-48E1-9C8C-28665008EB97}.Release|Any CPU.ActiveCfg = Release|Any CPU
		{780C0D08-DC17-48E1-9C8C-28665008EB97}.Release|Any CPU.Build.0 = Release|Any CPU
		{96885C3E-FB73-49E4-8BE7-E731C2BE3D4B}.Debug|Any CPU.ActiveCfg = Debug|Any CPU
		{96885C3E-FB73-49E4-8BE7-E731C2BE3D4B}.Debug|Any CPU.Build.0 = Debug|Any CPU
		{96885C3E-FB73-49E4-8BE7-E731C2BE3D4B}.Release|Any CPU.ActiveCfg = Release|Any CPU
		{96885C3E-FB73-49E4-8BE7-E731C2BE3D4B}.Release|Any CPU.Build.0 = Release|Any CPU
	EndGlobalSection
	GlobalSection(SolutionProperties) = preSolution
		HideSolutionNode = FALSE
	EndGlobalSection
EndGlobal
